// !$*UTF8*$!
{
	archiveVersion = 1;
	classes = {
	};
	objectVersion = 50;
	objects = {

/* Begin PBXBuildFile section */
		3566E0E0224C2821007D49D9 /* FoodViewController.swift in Sources */ = {isa = PBXBuildFile; fileRef = 3566E0DF224C2821007D49D9 /* FoodViewController.swift */; };
		35E29031224ED05900AFBF2F /* categoriesTableViewController.swift in Sources */ = {isa = PBXBuildFile; fileRef = 35E29030224ED05900AFBF2F /* categoriesTableViewController.swift */; };
		35E50B9E224EAEE0007DC038 /* FoodCell.swift in Sources */ = {isa = PBXBuildFile; fileRef = 35E50B9D224EAEE0007DC038 /* FoodCell.swift */; };
		5330AE7D224C267500010956 /* Business.swift in Sources */ = {isa = PBXBuildFile; fileRef = 5330AE7C224C267500010956 /* Business.swift */; };
		5335C389225027E600683B7B /* HomeViewController.swift in Sources */ = {isa = PBXBuildFile; fileRef = 5335C388225027E600683B7B /* HomeViewController.swift */; };
		53C6B85A222DF1E9001A4245 /* AppDelegate.swift in Sources */ = {isa = PBXBuildFile; fileRef = 53C6B859222DF1E9001A4245 /* AppDelegate.swift */; };
		53C6B85C222DF1E9001A4245 /* ViewController.swift in Sources */ = {isa = PBXBuildFile; fileRef = 53C6B85B222DF1E9001A4245 /* ViewController.swift */; };
		53C6B85F222DF1E9001A4245 /* Main.storyboard in Resources */ = {isa = PBXBuildFile; fileRef = 53C6B85D222DF1E9001A4245 /* Main.storyboard */; };
		53C6B861222DF1EB001A4245 /* Assets.xcassets in Resources */ = {isa = PBXBuildFile; fileRef = 53C6B860222DF1EB001A4245 /* Assets.xcassets */; };
		53C6B864222DF1EB001A4245 /* LaunchScreen.storyboard in Resources */ = {isa = PBXBuildFile; fileRef = 53C6B862222DF1EB001A4245 /* LaunchScreen.storyboard */; };
		C3CB6DB6E7E7C3A9F1CFA7E1 /* Pods_PickAPlaceiOS.framework in Frameworks */ = {isa = PBXBuildFile; fileRef = D009885C4F66742B1AE8672A /* Pods_PickAPlaceiOS.framework */; };
		EAE2A4A2224C27DF0012A4C5 /* UserLocation.swift in Sources */ = {isa = PBXBuildFile; fileRef = EAE2A4A1224C27DF0012A4C5 /* UserLocation.swift */; };
/* End PBXBuildFile section */

/* Begin PBXFileReference section */
		3566E0DF224C2821007D49D9 /* FoodViewController.swift */ = {isa = PBXFileReference; lastKnownFileType = sourcecode.swift; path = FoodViewController.swift; sourceTree = "<group>"; };
		35E29030224ED05900AFBF2F /* categoriesTableViewController.swift */ = {isa = PBXFileReference; lastKnownFileType = sourcecode.swift; path = categoriesTableViewController.swift; sourceTree = "<group>"; };
		35E50B9D224EAEE0007DC038 /* FoodCell.swift */ = {isa = PBXFileReference; lastKnownFileType = sourcecode.swift; path = FoodCell.swift; sourceTree = "<group>"; };
		5330AE7C224C267500010956 /* Business.swift */ = {isa = PBXFileReference; lastKnownFileType = sourcecode.swift; path = Business.swift; sourceTree = "<group>"; };
		5335C388225027E600683B7B /* HomeViewController.swift */ = {isa = PBXFileReference; lastKnownFileType = sourcecode.swift; path = HomeViewController.swift; sourceTree = "<group>"; };
		53C6B856222DF1E9001A4245 /* PickAPlaceiOS.app */ = {isa = PBXFileReference; explicitFileType = wrapper.application; includeInIndex = 0; path = PickAPlaceiOS.app; sourceTree = BUILT_PRODUCTS_DIR; };
		53C6B859222DF1E9001A4245 /* AppDelegate.swift */ = {isa = PBXFileReference; lastKnownFileType = sourcecode.swift; path = AppDelegate.swift; sourceTree = "<group>"; };
		53C6B85B222DF1E9001A4245 /* ViewController.swift */ = {isa = PBXFileReference; lastKnownFileType = sourcecode.swift; path = ViewController.swift; sourceTree = "<group>"; };
		53C6B85E222DF1E9001A4245 /* Base */ = {isa = PBXFileReference; lastKnownFileType = file.storyboard; name = Base; path = Base.lproj/Main.storyboard; sourceTree = "<group>"; };
		53C6B860222DF1EB001A4245 /* Assets.xcassets */ = {isa = PBXFileReference; lastKnownFileType = folder.assetcatalog; path = Assets.xcassets; sourceTree = "<group>"; };
		53C6B863222DF1EB001A4245 /* Base */ = {isa = PBXFileReference; lastKnownFileType = file.storyboard; name = Base; path = Base.lproj/LaunchScreen.storyboard; sourceTree = "<group>"; };
		53C6B865222DF1EB001A4245 /* Info.plist */ = {isa = PBXFileReference; lastKnownFileType = text.plist.xml; path = Info.plist; sourceTree = "<group>"; };
		AE0AE2A8F4CC57EA7B5F8F66 /* Pods-PickAPlaceiOS.release.xcconfig */ = {isa = PBXFileReference; includeInIndex = 1; lastKnownFileType = text.xcconfig; name = "Pods-PickAPlaceiOS.release.xcconfig"; path = "Pods/Target Support Files/Pods-PickAPlaceiOS/Pods-PickAPlaceiOS.release.xcconfig"; sourceTree = "<group>"; };
		C24C0C5ACE447FF19BA9B252 /* Pods-PickAPlaceiOS.debug.xcconfig */ = {isa = PBXFileReference; includeInIndex = 1; lastKnownFileType = text.xcconfig; name = "Pods-PickAPlaceiOS.debug.xcconfig"; path = "Pods/Target Support Files/Pods-PickAPlaceiOS/Pods-PickAPlaceiOS.debug.xcconfig"; sourceTree = "<group>"; };
		D009885C4F66742B1AE8672A /* Pods_PickAPlaceiOS.framework */ = {isa = PBXFileReference; explicitFileType = wrapper.framework; includeInIndex = 0; path = Pods_PickAPlaceiOS.framework; sourceTree = BUILT_PRODUCTS_DIR; };
		EAE2A4A1224C27DF0012A4C5 /* UserLocation.swift */ = {isa = PBXFileReference; lastKnownFileType = sourcecode.swift; path = UserLocation.swift; sourceTree = "<group>"; };
/* End PBXFileReference section */

/* Begin PBXFrameworksBuildPhase section */
		53C6B853222DF1E9001A4245 /* Frameworks */ = {
			isa = PBXFrameworksBuildPhase;
			buildActionMask = 2147483647;
			files = (
				C3CB6DB6E7E7C3A9F1CFA7E1 /* Pods_PickAPlaceiOS.framework in Frameworks */,
			);
			runOnlyForDeploymentPostprocessing = 0;
		};
/* End PBXFrameworksBuildPhase section */

/* Begin PBXGroup section */
		5330AE7B224C262600010956 /* Models */ = {
			isa = PBXGroup;
			children = (
				5330AE7C224C267500010956 /* Business.swift */,
			);
			path = Models;
			sourceTree = "<group>";
		};
		53C6B84D222DF1E8001A4245 = {
			isa = PBXGroup;
			children = (
				53C6B858222DF1E9001A4245 /* PickAPlaceiOS */,
				53C6B857222DF1E9001A4245 /* Products */,
				72E2C294E43874928D2CE5D3 /* Pods */,
				976FFBD77CD8F7D4B9D53095 /* Frameworks */,
			);
			sourceTree = "<group>";
		};
		53C6B857222DF1E9001A4245 /* Products */ = {
			isa = PBXGroup;
			children = (
				53C6B856222DF1E9001A4245 /* PickAPlaceiOS.app */,
			);
			name = Products;
			sourceTree = "<group>";
		};
		53C6B858222DF1E9001A4245 /* PickAPlaceiOS */ = {
			isa = PBXGroup;
			children = (
				5330AE7B224C262600010956 /* Models */,
				53C6B859222DF1E9001A4245 /* AppDelegate.swift */,
				EAE2A4A1224C27DF0012A4C5 /* UserLocation.swift */,
				53C6B85B222DF1E9001A4245 /* ViewController.swift */,
				5335C388225027E600683B7B /* HomeViewController.swift */,
				53C6B85D222DF1E9001A4245 /* Main.storyboard */,
				53C6B860222DF1EB001A4245 /* Assets.xcassets */,
				53C6B862222DF1EB001A4245 /* LaunchScreen.storyboard */,
				53C6B865222DF1EB001A4245 /* Info.plist */,
				3566E0DF224C2821007D49D9 /* FoodViewController.swift */,
				35E50B9D224EAEE0007DC038 /* FoodCell.swift */,
				35E29030224ED05900AFBF2F /* categoriesTableViewController.swift */,
			);
			path = PickAPlaceiOS;
			sourceTree = "<group>";
		};
		72E2C294E43874928D2CE5D3 /* Pods */ = {
			isa = PBXGroup;
			children = (
				C24C0C5ACE447FF19BA9B252 /* Pods-PickAPlaceiOS.debug.xcconfig */,
				AE0AE2A8F4CC57EA7B5F8F66 /* Pods-PickAPlaceiOS.release.xcconfig */,
			);
			name = Pods;
			sourceTree = "<group>";
		};
		976FFBD77CD8F7D4B9D53095 /* Frameworks */ = {
			isa = PBXGroup;
			children = (
				D009885C4F66742B1AE8672A /* Pods_PickAPlaceiOS.framework */,
			);
			name = Frameworks;
			sourceTree = "<group>";
		};
/* End PBXGroup section */

/* Begin PBXNativeTarget section */
		53C6B855222DF1E9001A4245 /* PickAPlaceiOS */ = {
			isa = PBXNativeTarget;
			buildConfigurationList = 53C6B868222DF1EB001A4245 /* Build configuration list for PBXNativeTarget "PickAPlaceiOS" */;
			buildPhases = (
				3789928871F39D118B031132 /* [CP] Check Pods Manifest.lock */,
				53C6B852222DF1E9001A4245 /* Sources */,
				53C6B853222DF1E9001A4245 /* Frameworks */,
				53C6B854222DF1E9001A4245 /* Resources */,
				DF8ACEDD985A032D9E60A249 /* [CP] Embed Pods Frameworks */,
			);
			buildRules = (
			);
			dependencies = (
			);
			name = PickAPlaceiOS;
			productName = PickAPlaceiOS;
			productReference = 53C6B856222DF1E9001A4245 /* PickAPlaceiOS.app */;
			productType = "com.apple.product-type.application";
		};
/* End PBXNativeTarget section */

/* Begin PBXProject section */
		53C6B84E222DF1E8001A4245 /* Project object */ = {
			isa = PBXProject;
			attributes = {
				LastSwiftUpdateCheck = 1010;
				LastUpgradeCheck = 1010;
				ORGANIZATIONNAME = keithatan;
				TargetAttributes = {
					53C6B855222DF1E9001A4245 = {
						CreatedOnToolsVersion = 10.1;
					};
				};
			};
			buildConfigurationList = 53C6B851222DF1E8001A4245 /* Build configuration list for PBXProject "PickAPlaceiOS" */;
			compatibilityVersion = "Xcode 9.3";
			developmentRegion = en;
			hasScannedForEncodings = 0;
			knownRegions = (
				en,
				Base,
			);
			mainGroup = 53C6B84D222DF1E8001A4245;
			productRefGroup = 53C6B857222DF1E9001A4245 /* Products */;
			projectDirPath = "";
			projectRoot = "";
			targets = (
				53C6B855222DF1E9001A4245 /* PickAPlaceiOS */,
			);
		};
/* End PBXProject section */

/* Begin PBXResourcesBuildPhase section */
		53C6B854222DF1E9001A4245 /* Resources */ = {
			isa = PBXResourcesBuildPhase;
			buildActionMask = 2147483647;
			files = (
				53C6B864222DF1EB001A4245 /* LaunchScreen.storyboard in Resources */,
				53C6B861222DF1EB001A4245 /* Assets.xcassets in Resources */,
				53C6B85F222DF1E9001A4245 /* Main.storyboard in Resources */,
			);
			runOnlyForDeploymentPostprocessing = 0;
		};
/* End PBXResourcesBuildPhase section */

/* Begin PBXShellScriptBuildPhase section */
		3789928871F39D118B031132 /* [CP] Check Pods Manifest.lock */ = {
			isa = PBXShellScriptBuildPhase;
			buildActionMask = 2147483647;
			files = (
			);
			inputFileListPaths = (
			);
			inputPaths = (
				"${PODS_PODFILE_DIR_PATH}/Podfile.lock",
				"${PODS_ROOT}/Manifest.lock",
			);
			name = "[CP] Check Pods Manifest.lock";
			outputFileListPaths = (
			);
			outputPaths = (
				"$(DERIVED_FILE_DIR)/Pods-PickAPlaceiOS-checkManifestLockResult.txt",
			);
			runOnlyForDeploymentPostprocessing = 0;
			shellPath = /bin/sh;
			shellScript = "diff \"${PODS_PODFILE_DIR_PATH}/Podfile.lock\" \"${PODS_ROOT}/Manifest.lock\" > /dev/null\nif [ $? != 0 ] ; then\n    # print error to STDERR\n    echo \"error: The sandbox is not in sync with the Podfile.lock. Run 'pod install' or update your CocoaPods installation.\" >&2\n    exit 1\nfi\n# This output is used by Xcode 'outputs' to avoid re-running this script phase.\necho \"SUCCESS\" > \"${SCRIPT_OUTPUT_FILE_0}\"\n";
			showEnvVarsInLog = 0;
		};
		DF8ACEDD985A032D9E60A249 /* [CP] Embed Pods Frameworks */ = {
			isa = PBXShellScriptBuildPhase;
			buildActionMask = 2147483647;
			files = (
			);
			inputFileListPaths = (
			);
			inputPaths = (
				"${SRCROOT}/Pods/Target Support Files/Pods-PickAPlaceiOS/Pods-PickAPlaceiOS-frameworks.sh",
				"${BUILT_PRODUCTS_DIR}/Alamofire/Alamofire.framework",
				"${BUILT_PRODUCTS_DIR}/AlamofireImage/AlamofireImage.framework",
			);
			name = "[CP] Embed Pods Frameworks";
			outputFileListPaths = (
			);
			outputPaths = (
				"${TARGET_BUILD_DIR}/${FRAMEWORKS_FOLDER_PATH}/Alamofire.framework",
				"${TARGET_BUILD_DIR}/${FRAMEWORKS_FOLDER_PATH}/AlamofireImage.framework",
			);
			runOnlyForDeploymentPostprocessing = 0;
			shellPath = /bin/sh;
			shellScript = "\"${SRCROOT}/Pods/Target Support Files/Pods-PickAPlaceiOS/Pods-PickAPlaceiOS-frameworks.sh\"\n";
			showEnvVarsInLog = 0;
		};
/* End PBXShellScriptBuildPhase section */

/* Begin PBXSourcesBuildPhase section */
		53C6B852222DF1E9001A4245 /* Sources */ = {
			isa = PBXSourcesBuildPhase;
			buildActionMask = 2147483647;
			files = (
				5330AE7D224C267500010956 /* Business.swift in Sources */,
				53C6B85C222DF1E9001A4245 /* ViewController.swift in Sources */,
				35E50B9E224EAEE0007DC038 /* FoodCell.swift in Sources */,
				5335C389225027E600683B7B /* HomeViewController.swift in Sources */,
				EAE2A4A2224C27DF0012A4C5 /* UserLocation.swift in Sources */,
				3566E0E0224C2821007D49D9 /* FoodViewController.swift in Sources */,
				53C6B85A222DF1E9001A4245 /* AppDelegate.swift in Sources */,
				35E29031224ED05900AFBF2F /* categoriesTableViewController.swift in Sources */,
			);
			runOnlyForDeploymentPostprocessing = 0;
		};
/* End PBXSourcesBuildPhase section */

/* Begin PBXVariantGroup section */
		53C6B85D222DF1E9001A4245 /* Main.storyboard */ = {
			isa = PBXVariantGroup;
			children = (
				53C6B85E222DF1E9001A4245 /* Base */,
			);
			name = Main.storyboard;
			sourceTree = "<group>";
		};
		53C6B862222DF1EB001A4245 /* LaunchScreen.storyboard */ = {
			isa = PBXVariantGroup;
			children = (
				53C6B863222DF1EB001A4245 /* Base */,
			);
			name = LaunchScreen.storyboard;
			sourceTree = "<group>";
		};
/* End PBXVariantGroup section */

/* Begin XCBuildConfiguration section */
		53C6B866222DF1EB001A4245 /* Debug */ = {
			isa = XCBuildConfiguration;
			buildSettings = {
				ALWAYS_SEARCH_USER_PATHS = NO;
				CLANG_ANALYZER_NONNULL = YES;
				CLANG_ANALYZER_NUMBER_OBJECT_CONVERSION = YES_AGGRESSIVE;
				CLANG_CXX_LANGUAGE_STANDARD = "gnu++14";
				CLANG_CXX_LIBRARY = "libc++";
				CLANG_ENABLE_MODULES = YES;
				CLANG_ENABLE_OBJC_ARC = YES;
				CLANG_ENABLE_OBJC_WEAK = YES;
				CLANG_WARN_BLOCK_CAPTURE_AUTORELEASING = YES;
				CLANG_WARN_BOOL_CONVERSION = YES;
				CLANG_WARN_COMMA = YES;
				CLANG_WARN_CONSTANT_CONVERSION = YES;
				CLANG_WARN_DEPRECATED_OBJC_IMPLEMENTATIONS = YES;
				CLANG_WARN_DIRECT_OBJC_ISA_USAGE = YES_ERROR;
				CLANG_WARN_DOCUMENTATION_COMMENTS = YES;
				CLANG_WARN_EMPTY_BODY = YES;
				CLANG_WARN_ENUM_CONVERSION = YES;
				CLANG_WARN_INFINITE_RECURSION = YES;
				CLANG_WARN_INT_CONVERSION = YES;
				CLANG_WARN_NON_LITERAL_NULL_CONVERSION = YES;
				CLANG_WARN_OBJC_IMPLICIT_RETAIN_SELF = YES;
				CLANG_WARN_OBJC_LITERAL_CONVERSION = YES;
				CLANG_WARN_OBJC_ROOT_CLASS = YES_ERROR;
				CLANG_WARN_RANGE_LOOP_ANALYSIS = YES;
				CLANG_WARN_STRICT_PROTOTYPES = YES;
				CLANG_WARN_SUSPICIOUS_MOVE = YES;
				CLANG_WARN_UNGUARDED_AVAILABILITY = YES_AGGRESSIVE;
				CLANG_WARN_UNREACHABLE_CODE = YES;
				CLANG_WARN__DUPLICATE_METHOD_MATCH = YES;
				CODE_SIGN_IDENTITY = "iPhone Developer";
				COPY_PHASE_STRIP = NO;
				DEBUG_INFORMATION_FORMAT = dwarf;
				ENABLE_STRICT_OBJC_MSGSEND = YES;
				ENABLE_TESTABILITY = YES;
				GCC_C_LANGUAGE_STANDARD = gnu11;
				GCC_DYNAMIC_NO_PIC = NO;
				GCC_NO_COMMON_BLOCKS = YES;
				GCC_OPTIMIZATION_LEVEL = 0;
				GCC_PREPROCESSOR_DEFINITIONS = (
					"DEBUG=1",
					"$(inherited)",
				);
				GCC_WARN_64_TO_32_BIT_CONVERSION = YES;
				GCC_WARN_ABOUT_RETURN_TYPE = YES_ERROR;
				GCC_WARN_UNDECLARED_SELECTOR = YES;
				GCC_WARN_UNINITIALIZED_AUTOS = YES_AGGRESSIVE;
				GCC_WARN_UNUSED_FUNCTION = YES;
				GCC_WARN_UNUSED_VARIABLE = YES;
				IPHONEOS_DEPLOYMENT_TARGET = 12.1;
				MTL_ENABLE_DEBUG_INFO = INCLUDE_SOURCE;
				MTL_FAST_MATH = YES;
				ONLY_ACTIVE_ARCH = YES;
				SDKROOT = iphoneos;
				SWIFT_ACTIVE_COMPILATION_CONDITIONS = DEBUG;
				SWIFT_OPTIMIZATION_LEVEL = "-Onone";
			};
			name = Debug;
		};
		53C6B867222DF1EB001A4245 /* Release */ = {
			isa = XCBuildConfiguration;
			buildSettings = {
				ALWAYS_SEARCH_USER_PATHS = NO;
				CLANG_ANALYZER_NONNULL = YES;
				CLANG_ANALYZER_NUMBER_OBJECT_CONVERSION = YES_AGGRESSIVE;
				CLANG_CXX_LANGUAGE_STANDARD = "gnu++14";
				CLANG_CXX_LIBRARY = "libc++";
				CLANG_ENABLE_MODULES = YES;
				CLANG_ENABLE_OBJC_ARC = YES;
				CLANG_ENABLE_OBJC_WEAK = YES;
				CLANG_WARN_BLOCK_CAPTURE_AUTORELEASING = YES;
				CLANG_WARN_BOOL_CONVERSION = YES;
				CLANG_WARN_COMMA = YES;
				CLANG_WARN_CONSTANT_CONVERSION = YES;
				CLANG_WARN_DEPRECATED_OBJC_IMPLEMENTATIONS = YES;
				CLANG_WARN_DIRECT_OBJC_ISA_USAGE = YES_ERROR;
				CLANG_WARN_DOCUMENTATION_COMMENTS = YES;
				CLANG_WARN_EMPTY_BODY = YES;
				CLANG_WARN_ENUM_CONVERSION = YES;
				CLANG_WARN_INFINITE_RECURSION = YES;
				CLANG_WARN_INT_CONVERSION = YES;
				CLANG_WARN_NON_LITERAL_NULL_CONVERSION = YES;
				CLANG_WARN_OBJC_IMPLICIT_RETAIN_SELF = YES;
				CLANG_WARN_OBJC_LITERAL_CONVERSION = YES;
				CLANG_WARN_OBJC_ROOT_CLASS = YES_ERROR;
				CLANG_WARN_RANGE_LOOP_ANALYSIS = YES;
				CLANG_WARN_STRICT_PROTOTYPES = YES;
				CLANG_WARN_SUSPICIOUS_MOVE = YES;
				CLANG_WARN_UNGUARDED_AVAILABILITY = YES_AGGRESSIVE;
				CLANG_WARN_UNREACHABLE_CODE = YES;
				CLANG_WARN__DUPLICATE_METHOD_MATCH = YES;
				CODE_SIGN_IDENTITY = "iPhone Developer";
				COPY_PHASE_STRIP = NO;
				DEBUG_INFORMATION_FORMAT = "dwarf-with-dsym";
				ENABLE_NS_ASSERTIONS = NO;
				ENABLE_STRICT_OBJC_MSGSEND = YES;
				GCC_C_LANGUAGE_STANDARD = gnu11;
				GCC_NO_COMMON_BLOCKS = YES;
				GCC_WARN_64_TO_32_BIT_CONVERSION = YES;
				GCC_WARN_ABOUT_RETURN_TYPE = YES_ERROR;
				GCC_WARN_UNDECLARED_SELECTOR = YES;
				GCC_WARN_UNINITIALIZED_AUTOS = YES_AGGRESSIVE;
				GCC_WARN_UNUSED_FUNCTION = YES;
				GCC_WARN_UNUSED_VARIABLE = YES;
				IPHONEOS_DEPLOYMENT_TARGET = 12.1;
				MTL_ENABLE_DEBUG_INFO = NO;
				MTL_FAST_MATH = YES;
				SDKROOT = iphoneos;
				SWIFT_COMPILATION_MODE = wholemodule;
				SWIFT_OPTIMIZATION_LEVEL = "-O";
				VALIDATE_PRODUCT = YES;
			};
			name = Release;
		};
		53C6B869222DF1EB001A4245 /* Debug */ = {
			isa = XCBuildConfiguration;
			baseConfigurationReference = C24C0C5ACE447FF19BA9B252 /* Pods-PickAPlaceiOS.debug.xcconfig */;
			buildSettings = {
				ASSETCATALOG_COMPILER_APPICON_NAME = AppIcon;
				CODE_SIGN_STYLE = Automatic;
				DEVELOPMENT_TEAM = RKH4W68X8Z;
				INFOPLIST_FILE = PickAPlaceiOS/Info.plist;
				LD_RUNPATH_SEARCH_PATHS = (
					"$(inherited)",
					"@executable_path/Frameworks",
				);
				PRODUCT_BUNDLE_IDENTIFIER = keithatan.PickAPlaceiOS;
				PRODUCT_NAME = "$(TARGET_NAME)";
				SWIFT_VERSION = 4.2;
				TARGETED_DEVICE_FAMILY = "1,2";
			};
			name = Debug;
		};
		53C6B86A222DF1EB001A4245 /* Release */ = {
			isa = XCBuildConfiguration;
			baseConfigurationReference = AE0AE2A8F4CC57EA7B5F8F66 /* Pods-PickAPlaceiOS.release.xcconfig */;
			buildSettings = {
				ASSETCATALOG_COMPILER_APPICON_NAME = AppIcon;
				CODE_SIGN_STYLE = Automatic;
				DEVELOPMENT_TEAM = RKH4W68X8Z;
				INFOPLIST_FILE = PickAPlaceiOS/Info.plist;
				LD_RUNPATH_SEARCH_PATHS = (
					"$(inherited)",
					"@executable_path/Frameworks",
				);
				PRODUCT_BUNDLE_IDENTIFIER = keithatan.PickAPlaceiOS;
				PRODUCT_NAME = "$(TARGET_NAME)";
				SWIFT_VERSION = 4.2;
				TARGETED_DEVICE_FAMILY = "1,2";
			};
			name = Release;
		};
/* End XCBuildConfiguration section */

/* Begin XCConfigurationList section */
		53C6B851222DF1E8001A4245 /* Build configuration list for PBXProject "PickAPlaceiOS" */ = {
			isa = XCConfigurationList;
			buildConfigurations = (
				53C6B866222DF1EB001A4245 /* Debug */,
				53C6B867222DF1EB001A4245 /* Release */,
			);
			defaultConfigurationIsVisible = 0;
			defaultConfigurationName = Release;
		};
		53C6B868222DF1EB001A4245 /* Build configuration list for PBXNativeTarget "PickAPlaceiOS" */ = {
			isa = XCConfigurationList;
			buildConfigurations = (
				53C6B869222DF1EB001A4245 /* Debug */,
				53C6B86A222DF1EB001A4245 /* Release */,
			);
			defaultConfigurationIsVisible = 0;
			defaultConfigurationName = Release;
		};
/* End XCConfigurationList section */
	};
	rootObject = 53C6B84E222DF1E8001A4245 /* Project object */;
}
